
Microsoft Visual Studio Solution File, Format Version 12.00
# Visual Studio Version 17
VisualStudioVersion = 17.3.32922.545
MinimumVisualStudioVersion = 10.0.40219.1
Project("{FAE04EC0-301F-11D3-BF4B-00C04F79EFBC}") = "uri1002", "uri1002\uri1002.csproj", "{13BCC421-7330-4C12-B387-A857E3FD946A}"
EndProject
Project("{FAE04EC0-301F-11D3-BF4B-00C04F79EFBC}") = "uri1006", "uri1006\uri1006.csproj", "{BD83E315-7B47-4E54-80AE-17FF9EAD5A0E}"
EndProject
Project("{FAE04EC0-301F-11D3-BF4B-00C04F79EFBC}") = "uri1008", "uri1008\uri1008.csproj", "{FA7120CA-D44A-46EF-852D-B1C08E14DABB}"
EndProject
Global
	GlobalSection(SolutionConfigurationPlatforms) = preSolution
		Debug|Any CPU = Debug|Any CPU
		Release|Any CPU = Release|Any CPU
	EndGlobalSection
	GlobalSection(ProjectConfigurationPlatforms) = postSolution
		{13BCC421-7330-4C12-B387-A857E3FD946A}.Debug|Any CPU.ActiveCfg = Debug|Any CPU
		{13BCC421-7330-4C12-B387-A857E3FD946A}.Debug|Any CPU.Build.0 = Debug|Any CPU
		{13BCC421-7330-4C12-B387-A857E3FD946A}.Release|Any CPU.ActiveCfg = Release|Any CPU
		{13BCC421-7330-4C12-B387-A857E3FD946A}.Release|Any CPU.Build.0 = Release|Any CPU
		{BD83E315-7B47-4E54-80AE-17FF9EAD5A0E}.Debug|Any CPU.ActiveCfg = Debug|Any CPU
		{BD83E315-7B47-4E54-80AE-17FF9EAD5A0E}.Debug|Any CPU.Build.0 = Debug|Any CPU
		{BD83E315-7B47-4E54-80AE-17FF9EAD5A0E}.Release|Any CPU.ActiveCfg = Release|Any CPU
		{BD83E315-7B47-4E54-80AE-17FF9EAD5A0E}.Release|Any CPU.Build.0 = Release|Any CPU
		{FA7120CA-D44A-46EF-852D-B1C08E14DABB}.Debug|Any CPU.ActiveCfg = Debug|Any CPU
		{FA7120CA-D44A-46EF-852D-B1C08E14DABB}.Debug|Any CPU.Build.0 = Debug|Any CPU
		{FA7120CA-D44A-46EF-852D-B1C08E14DABB}.Release|Any CPU.ActiveCfg = Release|Any CPU
		{FA7120CA-D44A-46EF-852D-B1C08E14DABB}.Release|Any CPU.Build.0 = Release|Any CPU
	EndGlobalSection
	GlobalSection(SolutionProperties) = preSolution
		HideSolutionNode = FALSE
	EndGlobalSection
	GlobalSection(ExtensibilityGlobals) = postSolution
		SolutionGuid = {7DE5EDAA-BCE4-4879-BE0C-B6D9B88AC266}
	EndGlobalSection
EndGlobal
